
Microsoft Visual Studio Solution File, Format Version 12.00
# Visual Studio 16
Project("{FAE04EC0-301F-11D3-BF4B-00C04F79EFBC}") = "Assembly-CSharp", "Assembly-CSharp.csproj", "{47CE13F1-5109-A500-1737-354A0FD4C980}"
EndProject
Project("{FAE04EC0-301F-11D3-BF4B-00C04F79EFBC}") = "SteamVR", "SteamVR.csproj", "{BF284305-952F-CF1F-E4F5-1F05F480C737}"
EndProject
Project("{FAE04EC0-301F-11D3-BF4B-00C04F79EFBC}") = "Tools", "Tools.csproj", "{7A903065-951B-2BC1-8F19-AAD1AE832885}"
EndProject
Project("{FAE04EC0-301F-11D3-BF4B-00C04F79EFBC}") = "MapMagic", "MapMagic.csproj", "{2E09DA39-8FDC-2923-D320-79FAB31D2D96}"
EndProject
Project("{FAE04EC0-301F-11D3-BF4B-00C04F79EFBC}") = "SteamVR_Actions", "SteamVR_Actions.csproj", "{3ADA8C18-5DE6-97C8-96F2-B04C67762861}"
EndProject
Project("{FAE04EC0-301F-11D3-BF4B-00C04F79EFBC}") = "Tools.Editor", "Tools.Editor.csproj", "{4D3C8CEF-9976-B039-CEE1-D800B060D9D7}"
EndProject
Project("{FAE04EC0-301F-11D3-BF4B-00C04F79EFBC}") = "SteamVR_Editor", "SteamVR_Editor.csproj", "{CC102B76-37AA-989F-BC08-E6C6F01EF9FE}"
EndProject
Project("{FAE04EC0-301F-11D3-BF4B-00C04F79EFBC}") = "SteamVR_Input_Editor", "SteamVR_Input_Editor.csproj", "{37AD088D-9E5C-5B7B-FAFD-FFD784AB8654}"
EndProject
Project("{FAE04EC0-301F-11D3-BF4B-00C04F79EFBC}") = "MapMagic.Editor", "MapMagic.Editor.csproj", "{1CA9F947-72E9-43A6-F3E0-799C365E1365}"
EndProject
Project("{FAE04EC0-301F-11D3-BF4B-00C04F79EFBC}") = "Assembly-CSharp-Editor", "Assembly-CSharp-Editor.csproj", "{A870B603-2813-D041-4B7F-5300ED024708}"
EndProject
Project("{FAE04EC0-301F-11D3-BF4B-00C04F79EFBC}") = "MapMagic.Settings", "MapMagic.Settings.csproj", "{B1A38C1E-65B2-BDF4-D21E-88346E5FB6B6}"
EndProject
Project("{FAE04EC0-301F-11D3-BF4B-00C04F79EFBC}") = "SteamVR_Windows_EditorHelper", "SteamVR_Windows_EditorHelper.csproj", "{E7F78D3D-F98F-96F4-F8F1-91642090768A}"
EndProject
Global
	GlobalSection(SolutionConfigurationPlatforms) = preSolution
		Debug|Any CPU = Debug|Any CPU
		Release|Any CPU = Release|Any CPU
	EndGlobalSection
	GlobalSection(ProjectConfigurationPlatforms) = postSolution
		{47CE13F1-5109-A500-1737-354A0FD4C980}.Debug|Any CPU.ActiveCfg = Debug|Any CPU
		{47CE13F1-5109-A500-1737-354A0FD4C980}.Debug|Any CPU.Build.0 = Debug|Any CPU
		{47CE13F1-5109-A500-1737-354A0FD4C980}.Release|Any CPU.ActiveCfg = Release|Any CPU
		{47CE13F1-5109-A500-1737-354A0FD4C980}.Release|Any CPU.Build.0 = Release|Any CPU
		{BF284305-952F-CF1F-E4F5-1F05F480C737}.Debug|Any CPU.ActiveCfg = Debug|Any CPU
		{BF284305-952F-CF1F-E4F5-1F05F480C737}.Debug|Any CPU.Build.0 = Debug|Any CPU
		{BF284305-952F-CF1F-E4F5-1F05F480C737}.Release|Any CPU.ActiveCfg = Release|Any CPU
		{BF284305-952F-CF1F-E4F5-1F05F480C737}.Release|Any CPU.Build.0 = Release|Any CPU
		{7A903065-951B-2BC1-8F19-AAD1AE832885}.Debug|Any CPU.ActiveCfg = Debug|Any CPU
		{7A903065-951B-2BC1-8F19-AAD1AE832885}.Debug|Any CPU.Build.0 = Debug|Any CPU
		{7A903065-951B-2BC1-8F19-AAD1AE832885}.Release|Any CPU.ActiveCfg = Release|Any CPU
		{7A903065-951B-2BC1-8F19-AAD1AE832885}.Release|Any CPU.Build.0 = Release|Any CPU
		{2E09DA39-8FDC-2923-D320-79FAB31D2D96}.Debug|Any CPU.ActiveCfg = Debug|Any CPU
		{2E09DA39-8FDC-2923-D320-79FAB31D2D96}.Debug|Any CPU.Build.0 = Debug|Any CPU
		{2E09DA39-8FDC-2923-D320-79FAB31D2D96}.Release|Any CPU.ActiveCfg = Release|Any CPU
		{2E09DA39-8FDC-2923-D320-79FAB31D2D96}.Release|Any CPU.Build.0 = Release|Any CPU
		{3ADA8C18-5DE6-97C8-96F2-B04C67762861}.Debug|Any CPU.ActiveCfg = Debug|Any CPU
		{3ADA8C18-5DE6-97C8-96F2-B04C67762861}.Debug|Any CPU.Build.0 = Debug|Any CPU
		{3ADA8C18-5DE6-97C8-96F2-B04C67762861}.Release|Any CPU.ActiveCfg = Release|Any CPU
		{3ADA8C18-5DE6-97C8-96F2-B04C67762861}.Release|Any CPU.Build.0 = Release|Any CPU
		{4D3C8CEF-9976-B039-CEE1-D800B060D9D7}.Debug|Any CPU.ActiveCfg = Debug|Any CPU
		{4D3C8CEF-9976-B039-CEE1-D800B060D9D7}.Debug|Any CPU.Build.0 = Debug|Any CPU
		{4D3C8CEF-9976-B039-CEE1-D800B060D9D7}.Release|Any CPU.ActiveCfg = Release|Any CPU
		{4D3C8CEF-9976-B039-CEE1-D800B060D9D7}.Release|Any CPU.Build.0 = Release|Any CPU
		{CC102B76-37AA-989F-BC08-E6C6F01EF9FE}.Debug|Any CPU.ActiveCfg = Debug|Any CPU
		{CC102B76-37AA-989F-BC08-E6C6F01EF9FE}.Debug|Any CPU.Build.0 = Debug|Any CPU
		{CC102B76-37AA-989F-BC08-E6C6F01EF9FE}.Release|Any CPU.ActiveCfg = Release|Any CPU
		{CC102B76-37AA-989F-BC08-E6C6F01EF9FE}.Release|Any CPU.Build.0 = Release|Any CPU
		{37AD088D-9E5C-5B7B-FAFD-FFD784AB8654}.Debug|Any CPU.ActiveCfg = Debug|Any CPU
		{37AD088D-9E5C-5B7B-FAFD-FFD784AB8654}.Debug|Any CPU.Build.0 = Debug|Any CPU
		{37AD088D-9E5C-5B7B-FAFD-FFD784AB8654}.Release|Any CPU.ActiveCfg = Release|Any CPU
		{37AD088D-9E5C-5B7B-FAFD-FFD784AB8654}.Release|Any CPU.Build.0 = Release|Any CPU
		{1CA9F947-72E9-43A6-F3E0-799C365E1365}.Debug|Any CPU.ActiveCfg = Debug|Any CPU
		{1CA9F947-72E9-43A6-F3E0-799C365E1365}.Debug|Any CPU.Build.0 = Debug|Any CPU
		{1CA9F947-72E9-43A6-F3E0-799C365E1365}.Release|Any CPU.ActiveCfg = Release|Any CPU
		{1CA9F947-72E9-43A6-F3E0-799C365E1365}.Release|Any CPU.Build.0 = Release|Any CPU
		{A870B603-2813-D041-4B7F-5300ED024708}.Debug|Any CPU.ActiveCfg = Debug|Any CPU
		{A870B603-2813-D041-4B7F-5300ED024708}.Debug|Any CPU.Build.0 = Debug|Any CPU
		{A870B603-2813-D041-4B7F-5300ED024708}.Release|Any CPU.ActiveCfg = Release|Any CPU
		{A870B603-2813-D041-4B7F-5300ED024708}.Release|Any CPU.Build.0 = Release|Any CPU
		{B1A38C1E-65B2-BDF4-D21E-88346E5FB6B6}.Debug|Any CPU.ActiveCfg = Debug|Any CPU
		{B1A38C1E-65B2-BDF4-D21E-88346E5FB6B6}.Debug|Any CPU.Build.0 = Debug|Any CPU
		{B1A38C1E-65B2-BDF4-D21E-88346E5FB6B6}.Release|Any CPU.ActiveCfg = Release|Any CPU
		{B1A38C1E-65B2-BDF4-D21E-88346E5FB6B6}.Release|Any CPU.Build.0 = Release|Any CPU
		{E7F78D3D-F98F-96F4-F8F1-91642090768A}.Debug|Any CPU.ActiveCfg = Debug|Any CPU
		{E7F78D3D-F98F-96F4-F8F1-91642090768A}.Debug|Any CPU.Build.0 = Debug|Any CPU
		{E7F78D3D-F98F-96F4-F8F1-91642090768A}.Release|Any CPU.ActiveCfg = Release|Any CPU
		{E7F78D3D-F98F-96F4-F8F1-91642090768A}.Release|Any CPU.Build.0 = Release|Any CPU
	EndGlobalSection
	GlobalSection(SolutionProperties) = preSolution
		HideSolutionNode = FALSE
	EndGlobalSection
EndGlobal
